{
  "nodes": {
    "nixpkgs": {
      "locked": {
        "lastModified": 1760256791,
        "narHash": "sha256-uTpzDHRASEDeFUuToWSQ46Re8beXyG9dx4W36FQa0/c=",
        "owner": "NixOS",
        "repo": "nixpkgs",
        "rev": "832e3b6db48508ae436c2c7bfc0cf914eac6938e",
        "type": "github"
      },
      "original": {
        "owner": "NixOS",
        "ref": "nixpkgs-unstable",
        "repo": "nixpkgs",
        "type": "github"
      }
    },
    "root": {
      "inputs": {
        "nixpkgs": "nixpkgs",
        "utils": "utils"
      }
    },
    "utils": {
      "inputs": {
        "nixpkgs": [
          "nixpkgs"
        ]
      },
      "locked": {
        "lastModified": 1759410884,
        "narHash": "sha256-N7yN+P0pORbrBZg/wu6fFa/TjnQiCmK6lpP26EWtF0M=",
        "owner": "vivAnicc",
        "repo": "nix-utils",
        "rev": "3449061a333aa06b2eaf74c936b99d0e563f050b",
        "type": "github"
      },
      "original": {
        "owner": "vivAnicc",
        "repo": "nix-utils",
        "type": "github"
      }
    }
  },
  "root": "root",
  "version": 7
}
